
Microsoft Visual Studio Solution File, Format Version 12.00
# Visual Studio 15
VisualStudioVersion = 15.0.28306.52
MinimumVisualStudioVersion = 10.0.40219.1
Project("{FAE04EC0-301F-11D3-BF4B-00C04F79EFBC}") = "Navik", "Navik\Navik.csproj", "{5A348160-E349-42F9-BFB2-14B2C1876460}"
EndProject
Global
	GlobalSection(SolutionConfigurationPlatforms) = preSolution
		Debug|Any CPU = Debug|Any CPU
		Release|Any CPU = Release|Any CPU
	EndGlobalSection
	GlobalSection(ProjectConfigurationPlatforms) = postSolution
		{5A348160-E349-42F9-BFB2-14B2C1876460}.Debug|Any CPU.ActiveCfg = Debug|Any CPU
		{5A348160-E349-42F9-BFB2-14B2C1876460}.Debug|Any CPU.Build.0 = Debug|Any CPU
		{5A348160-E349-42F9-BFB2-14B2C1876460}.Release|Any CPU.ActiveCfg = Release|Any CPU
		{5A348160-E349-42F9-BFB2-14B2C1876460}.Release|Any CPU.Build.0 = Release|Any CPU
	EndGlobalSection
	GlobalSection(SolutionProperties) = preSolution
		HideSolutionNode = FALSE
	EndGlobalSection
	GlobalSection(ExtensibilityGlobals) = postSolution
		SolutionGuid = {23C13B3A-19C4-4CD7-B267-4C761463C2C7}
	EndGlobalSection
EndGlobal
